{
  "requires": true,
  "lockfileVersion": 1,
  "dependencies": {
    "perfect-scrollbar": {
      "version": "1.5.1",
      "resolved": "https://registry.npmjs.org/perfect-scrollbar/-/perfect-scrollbar-1.5.1.tgz",
      "integrity": "sha512-MrSImINnIh3Tm1hdPT6bji6fmIeRorVEegQvyUnhqko2hDGTHhmjPefHXfxG/Jb8xVbfCwgmUIlIajERGXjVXQ=="
    }
  }
}
